// !$*UTF8*$!
{
	archiveVersion = 1;
	classes = {
	};
	objectVersion = 56;
	objects = {

/* Begin PBXBuildFile section */
		ED11202F295FE6410065672A /* BookDetailsDetailsView.swift in Sources */ = {isa = PBXBuildFile; fileRef = ED11202E295FE6410065672A /* BookDetailsDetailsView.swift */; };
		ED112032295FE66A0065672A /* BookDetailsLibraryView.swift in Sources */ = {isa = PBXBuildFile; fileRef = ED112031295FE66A0065672A /* BookDetailsLibraryView.swift */; };
		ED112034295FE8420065672A /* CreativesModel.swift in Sources */ = {isa = PBXBuildFile; fileRef = ED112033295FE8420065672A /* CreativesModel.swift */; };
		ED112036295FED7F0065672A /* PeopleModel.swift in Sources */ = {isa = PBXBuildFile; fileRef = ED112035295FED7F0065672A /* PeopleModel.swift */; };
		ED2C9ACD2961DC15006027C1 /* BookSheetView.swift in Sources */ = {isa = PBXBuildFile; fileRef = ED2C9ACC2961DC15006027C1 /* BookSheetView.swift */; };
		ED7AFD152963AE4900A538FE /* Library.swift in Sources */ = {isa = PBXBuildFile; fileRef = ED7AFD142963AE4900A538FE /* Library.swift */; };
		EDA04649295EAED2006291E8 /* libraryData.json in Resources */ = {isa = PBXBuildFile; fileRef = EDA04648295EAED2006291E8 /* libraryData.json */; };
		EDA0464B295EAF3F006291E8 /* ModelData.swift in Sources */ = {isa = PBXBuildFile; fileRef = EDA0464A295EAF3F006291E8 /* ModelData.swift */; };
		EDA0464E295EB247006291E8 /* BookRow.swift in Sources */ = {isa = PBXBuildFile; fileRef = EDA0464D295EB247006291E8 /* BookRow.swift */; };
		EDA04651295EB927006291E8 /* SidebarView.swift in Sources */ = {isa = PBXBuildFile; fileRef = EDA04650295EB927006291E8 /* SidebarView.swift */; };
		EDA0465D295F6552006291E8 /* PublisherLogo.swift in Sources */ = {isa = PBXBuildFile; fileRef = EDA0465C295F6552006291E8 /* PublisherLogo.swift */; };
		EDA04663295FC09F006291E8 /* BookDetailsCreativesView.swift in Sources */ = {isa = PBXBuildFile; fileRef = EDA04662295FC09F006291E8 /* BookDetailsCreativesView.swift */; };
		EDA04667295FC1FE006291E8 /* BookDetailsMainView.swift in Sources */ = {isa = PBXBuildFile; fileRef = EDA04666295FC1FE006291E8 /* BookDetailsMainView.swift */; };
		EDA669B829621F3E0069176E /* HomeView.swift in Sources */ = {isa = PBXBuildFile; fileRef = EDA669B729621F3E0069176E /* HomeView.swift */; };
		EDA669BA29621F610069176E /* LibraryView.swift in Sources */ = {isa = PBXBuildFile; fileRef = EDA669B929621F610069176E /* LibraryView.swift */; };
		EDA669BC29621F6B0069176E /* SearchView.swift in Sources */ = {isa = PBXBuildFile; fileRef = EDA669BB29621F6B0069176E /* SearchView.swift */; };
		EDA669BE29621F750069176E /* ReadingListsView.swift in Sources */ = {isa = PBXBuildFile; fileRef = EDA669BD29621F750069176E /* ReadingListsView.swift */; };
		EDC90D43295E77D100E2339E /* Comic_ReaderApp.swift in Sources */ = {isa = PBXBuildFile; fileRef = EDC90D42295E77D100E2339E /* Comic_ReaderApp.swift */; };
		EDC90D45295E77D100E2339E /* ContentView.swift in Sources */ = {isa = PBXBuildFile; fileRef = EDC90D44295E77D100E2339E /* ContentView.swift */; };
		EDC90D47295E77D300E2339E /* Assets.xcassets in Resources */ = {isa = PBXBuildFile; fileRef = EDC90D46295E77D300E2339E /* Assets.xcassets */; };
		EDC90D4A295E77D300E2339E /* Preview Assets.xcassets in Resources */ = {isa = PBXBuildFile; fileRef = EDC90D49295E77D300E2339E /* Preview Assets.xcassets */; };
		EDC90D51295E9B6100E2339E /* CoverImage.swift in Sources */ = {isa = PBXBuildFile; fileRef = EDC90D50295E9B6100E2339E /* CoverImage.swift */; };
		EDC90D55295EA8C600E2339E /* Book.swift in Sources */ = {isa = PBXBuildFile; fileRef = EDC90D54295EA8C600E2339E /* Book.swift */; };
		EDC90D5C295EAC5900E2339E /* BookTileModel.swift in Sources */ = {isa = PBXBuildFile; fileRef = EDC90D5B295EAC5900E2339E /* BookTileModel.swift */; };
/* End PBXBuildFile section */

/* Begin PBXFileReference section */
		ED11202E295FE6410065672A /* BookDetailsDetailsView.swift */ = {isa = PBXFileReference; lastKnownFileType = sourcecode.swift; path = BookDetailsDetailsView.swift; sourceTree = "<group>"; };
		ED112031295FE66A0065672A /* BookDetailsLibraryView.swift */ = {isa = PBXFileReference; lastKnownFileType = sourcecode.swift; path = BookDetailsLibraryView.swift; sourceTree = "<group>"; };
		ED112033295FE8420065672A /* CreativesModel.swift */ = {isa = PBXFileReference; lastKnownFileType = sourcecode.swift; path = CreativesModel.swift; sourceTree = "<group>"; };
		ED112035295FED7F0065672A /* PeopleModel.swift */ = {isa = PBXFileReference; lastKnownFileType = sourcecode.swift; path = PeopleModel.swift; sourceTree = "<group>"; };
		ED2C9ACC2961DC15006027C1 /* BookSheetView.swift */ = {isa = PBXFileReference; lastKnownFileType = sourcecode.swift; path = BookSheetView.swift; sourceTree = "<group>"; };
		ED7AFD142963AE4900A538FE /* Library.swift */ = {isa = PBXFileReference; lastKnownFileType = sourcecode.swift; path = Library.swift; sourceTree = "<group>"; };
		ED7AFD162963C31700A538FE /* Comic-Reader-Info.plist */ = {isa = PBXFileReference; lastKnownFileType = text.plist; path = "Comic-Reader-Info.plist"; sourceTree = SOURCE_ROOT; };
		EDA04648295EAED2006291E8 /* libraryData.json */ = {isa = PBXFileReference; fileEncoding = 4; lastKnownFileType = text.json; path = libraryData.json; sourceTree = "<group>"; };
		EDA0464A295EAF3F006291E8 /* ModelData.swift */ = {isa = PBXFileReference; lastKnownFileType = sourcecode.swift; path = ModelData.swift; sourceTree = "<group>"; };
		EDA0464D295EB247006291E8 /* BookRow.swift */ = {isa = PBXFileReference; lastKnownFileType = sourcecode.swift; path = BookRow.swift; sourceTree = "<group>"; };
		EDA04650295EB927006291E8 /* SidebarView.swift */ = {isa = PBXFileReference; lastKnownFileType = sourcecode.swift; path = SidebarView.swift; sourceTree = "<group>"; };
		EDA0465C295F6552006291E8 /* PublisherLogo.swift */ = {isa = PBXFileReference; fileEncoding = 4; lastKnownFileType = sourcecode.swift; path = PublisherLogo.swift; sourceTree = "<group>"; };
		EDA04662295FC09F006291E8 /* BookDetailsCreativesView.swift */ = {isa = PBXFileReference; lastKnownFileType = sourcecode.swift; path = BookDetailsCreativesView.swift; sourceTree = "<group>"; };
		EDA04666295FC1FE006291E8 /* BookDetailsMainView.swift */ = {isa = PBXFileReference; lastKnownFileType = sourcecode.swift; path = BookDetailsMainView.swift; sourceTree = "<group>"; };
		EDA669B729621F3E0069176E /* HomeView.swift */ = {isa = PBXFileReference; lastKnownFileType = sourcecode.swift; path = HomeView.swift; sourceTree = "<group>"; };
		EDA669B929621F610069176E /* LibraryView.swift */ = {isa = PBXFileReference; lastKnownFileType = sourcecode.swift; path = LibraryView.swift; sourceTree = "<group>"; };
		EDA669BB29621F6B0069176E /* SearchView.swift */ = {isa = PBXFileReference; lastKnownFileType = sourcecode.swift; path = SearchView.swift; sourceTree = "<group>"; };
		EDA669BD29621F750069176E /* ReadingListsView.swift */ = {isa = PBXFileReference; lastKnownFileType = sourcecode.swift; path = ReadingListsView.swift; sourceTree = "<group>"; };
		EDB600DA295EAE2C00215057 /* Directions.geojson */ = {isa = PBXFileReference; lastKnownFileType = text; path = Directions.geojson; sourceTree = "<group>"; };
		EDC90D3F295E77D100E2339E /* Comic Reader.app */ = {isa = PBXFileReference; explicitFileType = wrapper.application; includeInIndex = 0; path = "Comic Reader.app"; sourceTree = BUILT_PRODUCTS_DIR; };
		EDC90D42295E77D100E2339E /* Comic_ReaderApp.swift */ = {isa = PBXFileReference; lastKnownFileType = sourcecode.swift; path = Comic_ReaderApp.swift; sourceTree = "<group>"; };
		EDC90D44295E77D100E2339E /* ContentView.swift */ = {isa = PBXFileReference; lastKnownFileType = sourcecode.swift; path = ContentView.swift; sourceTree = "<group>"; };
		EDC90D46295E77D300E2339E /* Assets.xcassets */ = {isa = PBXFileReference; lastKnownFileType = folder.assetcatalog; path = Assets.xcassets; sourceTree = "<group>"; };
		EDC90D49295E77D300E2339E /* Preview Assets.xcassets */ = {isa = PBXFileReference; lastKnownFileType = folder.assetcatalog; path = "Preview Assets.xcassets"; sourceTree = "<group>"; };
		EDC90D50295E9B6100E2339E /* CoverImage.swift */ = {isa = PBXFileReference; lastKnownFileType = sourcecode.swift; path = CoverImage.swift; sourceTree = "<group>"; };
		EDC90D54295EA8C600E2339E /* Book.swift */ = {isa = PBXFileReference; lastKnownFileType = sourcecode.swift; path = Book.swift; sourceTree = "<group>"; };
		EDC90D5B295EAC5900E2339E /* BookTileModel.swift */ = {isa = PBXFileReference; lastKnownFileType = sourcecode.swift; path = BookTileModel.swift; sourceTree = "<group>"; };
/* End PBXFileReference section */

/* Begin PBXFrameworksBuildPhase section */
		EDC90D3C295E77D100E2339E /* Frameworks */ = {
			isa = PBXFrameworksBuildPhase;
			buildActionMask = 2147483647;
			files = (
			);
			runOnlyForDeploymentPostprocessing = 0;
		};
/* End PBXFrameworksBuildPhase section */

/* Begin PBXGroup section */
		ED112030295FE6560065672A /* Book Details Views */ = {
			isa = PBXGroup;
			children = (
				EDA04662295FC09F006291E8 /* BookDetailsCreativesView.swift */,
				EDA04666295FC1FE006291E8 /* BookDetailsMainView.swift */,
				ED11202E295FE6410065672A /* BookDetailsDetailsView.swift */,
				ED112031295FE66A0065672A /* BookDetailsLibraryView.swift */,
			);
			path = "Book Details Views";
			sourceTree = "<group>";
		};
		ED2C9ACB2961DBE8006027C1 /* Sheets */ = {
			isa = PBXGroup;
			children = (
				ED2C9ACC2961DC15006027C1 /* BookSheetView.swift */,
			);
			path = Sheets;
			sourceTree = "<group>";
		};
		EDA0464C295EB233006291E8 /* Views */ = {
			isa = PBXGroup;
			children = (
				EDA0464D295EB247006291E8 /* BookRow.swift */,
				ED112030295FE6560065672A /* Book Details Views */,
			);
			path = Views;
			sourceTree = "<group>";
		};
		EDA0464F295EB8C4006291E8 /* Controllers */ = {
			isa = PBXGroup;
			children = (
				EDA04650295EB927006291E8 /* SidebarView.swift */,
				EDA669B729621F3E0069176E /* HomeView.swift */,
				EDA669BB29621F6B0069176E /* SearchView.swift */,
				EDA669B929621F610069176E /* LibraryView.swift */,
				EDA669BD29621F750069176E /* ReadingListsView.swift */,
			);
			path = Controllers;
			sourceTree = "<group>";
		};
		EDC90D36295E77D000E2339E = {
			isa = PBXGroup;
			children = (
				EDC90D41295E77D100E2339E /* Comic Reader */,
				EDC90D40295E77D100E2339E /* Products */,
			);
			sourceTree = "<group>";
		};
		EDC90D40295E77D100E2339E /* Products */ = {
			isa = PBXGroup;
			children = (
				EDC90D3F295E77D100E2339E /* Comic Reader.app */,
			);
			name = Products;
			sourceTree = "<group>";
		};
		EDC90D41295E77D100E2339E /* Comic Reader */ = {
			isa = PBXGroup;
			children = (
				ED7AFD162963C31700A538FE /* Comic-Reader-Info.plist */,
				ED2C9ACB2961DBE8006027C1 /* Sheets */,
				EDA0464F295EB8C4006291E8 /* Controllers */,
				EDA0464C295EB233006291E8 /* Views */,
				EDC90D42295E77D100E2339E /* Comic_ReaderApp.swift */,
				EDC90D5A295EABC200E2339E /* View Models */,
				EDC90D58295EAB9E00E2339E /* Resources */,
				EDC90D48295E77D300E2339E /* Preview Content */,
				EDC90D59295EABB000E2339E /* Models */,
			);
			path = "Comic Reader";
			sourceTree = "<group>";
		};
		EDC90D48295E77D300E2339E /* Preview Content */ = {
			isa = PBXGroup;
			children = (
				EDC90D49295E77D300E2339E /* Preview Assets.xcassets */,
			);
			path = "Preview Content";
			sourceTree = "<group>";
		};
		EDC90D58295EAB9E00E2339E /* Resources */ = {
			isa = PBXGroup;
			children = (
				EDA04648295EAED2006291E8 /* libraryData.json */,
				EDB600DA295EAE2C00215057 /* Directions.geojson */,
				EDC90D46295E77D300E2339E /* Assets.xcassets */,
			);
			path = Resources;
			sourceTree = "<group>";
		};
		EDC90D59295EABB000E2339E /* Models */ = {
			isa = PBXGroup;
			children = (
				EDC90D50295E9B6100E2339E /* CoverImage.swift */,
				EDA0465C295F6552006291E8 /* PublisherLogo.swift */,
				EDC90D54295EA8C600E2339E /* Book.swift */,
				EDA0464A295EAF3F006291E8 /* ModelData.swift */,
				ED112033295FE8420065672A /* CreativesModel.swift */,
				ED112035295FED7F0065672A /* PeopleModel.swift */,
				ED7AFD142963AE4900A538FE /* Library.swift */,
			);
			name = Models;
			sourceTree = "<group>";
		};
		EDC90D5A295EABC200E2339E /* View Models */ = {
			isa = PBXGroup;
			children = (
				EDC90D44295E77D100E2339E /* ContentView.swift */,
				EDC90D5B295EAC5900E2339E /* BookTileModel.swift */,
			);
			path = "View Models";
			sourceTree = "<group>";
		};
/* End PBXGroup section */

/* Begin PBXNativeTarget section */
		EDC90D3E295E77D100E2339E /* Comic Reader */ = {
			isa = PBXNativeTarget;
			buildConfigurationList = EDC90D4D295E77D300E2339E /* Build configuration list for PBXNativeTarget "Comic Reader" */;
			buildPhases = (
				EDC90D3B295E77D100E2339E /* Sources */,
				EDC90D3C295E77D100E2339E /* Frameworks */,
				EDC90D3D295E77D100E2339E /* Resources */,
			);
			buildRules = (
			);
			dependencies = (
			);
			name = "Comic Reader";
			productName = "Comic Reader";
			productReference = EDC90D3F295E77D100E2339E /* Comic Reader.app */;
			productType = "com.apple.product-type.application";
		};
/* End PBXNativeTarget section */

/* Begin PBXProject section */
		EDC90D37295E77D000E2339E /* Project object */ = {
			isa = PBXProject;
			attributes = {
				BuildIndependentTargetsInParallel = 1;
				LastSwiftUpdateCheck = 1420;
				LastUpgradeCheck = 1420;
				TargetAttributes = {
					EDC90D3E295E77D100E2339E = {
						CreatedOnToolsVersion = 14.2;
					};
				};
			};
			buildConfigurationList = EDC90D3A295E77D000E2339E /* Build configuration list for PBXProject "Comic Reader" */;
			compatibilityVersion = "Xcode 14.0";
			developmentRegion = en;
			hasScannedForEncodings = 0;
			knownRegions = (
				en,
				Base,
			);
			mainGroup = EDC90D36295E77D000E2339E;
			productRefGroup = EDC90D40295E77D100E2339E /* Products */;
			projectDirPath = "";
			projectRoot = "";
			targets = (
				EDC90D3E295E77D100E2339E /* Comic Reader */,
			);
		};
/* End PBXProject section */

/* Begin PBXResourcesBuildPhase section */
		EDC90D3D295E77D100E2339E /* Resources */ = {
			isa = PBXResourcesBuildPhase;
			buildActionMask = 2147483647;
			files = (
				EDA04649295EAED2006291E8 /* libraryData.json in Resources */,
				EDC90D4A295E77D300E2339E /* Preview Assets.xcassets in Resources */,
				EDC90D47295E77D300E2339E /* Assets.xcassets in Resources */,
			);
			runOnlyForDeploymentPostprocessing = 0;
		};
/* End PBXResourcesBuildPhase section */

/* Begin PBXSourcesBuildPhase section */
		EDC90D3B295E77D100E2339E /* Sources */ = {
			isa = PBXSourcesBuildPhase;
			buildActionMask = 2147483647;
			files = (
				EDA669BE29621F750069176E /* ReadingListsView.swift in Sources */,
				EDA04667295FC1FE006291E8 /* BookDetailsMainView.swift in Sources */,
				EDA669B829621F3E0069176E /* HomeView.swift in Sources */,
				ED112032295FE66A0065672A /* BookDetailsLibraryView.swift in Sources */,
				EDC90D45295E77D100E2339E /* ContentView.swift in Sources */,
				EDC90D43295E77D100E2339E /* Comic_ReaderApp.swift in Sources */,
				EDC90D55295EA8C600E2339E /* Book.swift in Sources */,
				EDA0465D295F6552006291E8 /* PublisherLogo.swift in Sources */,
				ED7AFD152963AE4900A538FE /* Library.swift in Sources */,
				ED11202F295FE6410065672A /* BookDetailsDetailsView.swift in Sources */,
				EDC90D51295E9B6100E2339E /* CoverImage.swift in Sources */,
				EDA0464E295EB247006291E8 /* BookRow.swift in Sources */,
				ED112034295FE8420065672A /* CreativesModel.swift in Sources */,
				EDA669BA29621F610069176E /* LibraryView.swift in Sources */,
				EDA669BC29621F6B0069176E /* SearchView.swift in Sources */,
				EDC90D5C295EAC5900E2339E /* BookTileModel.swift in Sources */,
				EDA0464B295EAF3F006291E8 /* ModelData.swift in Sources */,
				ED112036295FED7F0065672A /* PeopleModel.swift in Sources */,
				EDA04663295FC09F006291E8 /* BookDetailsCreativesView.swift in Sources */,
				ED2C9ACD2961DC15006027C1 /* BookSheetView.swift in Sources */,
				EDA04651295EB927006291E8 /* SidebarView.swift in Sources */,
			);
			runOnlyForDeploymentPostprocessing = 0;
		};
/* End PBXSourcesBuildPhase section */

/* Begin XCBuildConfiguration section */
		EDC90D4B295E77D300E2339E /* Debug */ = {
			isa = XCBuildConfiguration;
			buildSettings = {
				ALWAYS_SEARCH_USER_PATHS = NO;
				CLANG_ANALYZER_NONNULL = YES;
				CLANG_ANALYZER_NUMBER_OBJECT_CONVERSION = YES_AGGRESSIVE;
				CLANG_CXX_LANGUAGE_STANDARD = "gnu++20";
				CLANG_ENABLE_MODULES = YES;
				CLANG_ENABLE_OBJC_ARC = YES;
				CLANG_ENABLE_OBJC_WEAK = YES;
				CLANG_WARN_BLOCK_CAPTURE_AUTORELEASING = YES;
				CLANG_WARN_BOOL_CONVERSION = YES;
				CLANG_WARN_COMMA = YES;
				CLANG_WARN_CONSTANT_CONVERSION = YES;
				CLANG_WARN_DEPRECATED_OBJC_IMPLEMENTATIONS = YES;
				CLANG_WARN_DIRECT_OBJC_ISA_USAGE = YES_ERROR;
				CLANG_WARN_DOCUMENTATION_COMMENTS = YES;
				CLANG_WARN_EMPTY_BODY = YES;
				CLANG_WARN_ENUM_CONVERSION = YES;
				CLANG_WARN_INFINITE_RECURSION = YES;
				CLANG_WARN_INT_CONVERSION = YES;
				CLANG_WARN_NON_LITERAL_NULL_CONVERSION = YES;
				CLANG_WARN_OBJC_IMPLICIT_RETAIN_SELF = YES;
				CLANG_WARN_OBJC_LITERAL_CONVERSION = YES;
				CLANG_WARN_OBJC_ROOT_CLASS = YES_ERROR;
				CLANG_WARN_QUOTED_INCLUDE_IN_FRAMEWORK_HEADER = YES;
				CLANG_WARN_RANGE_LOOP_ANALYSIS = YES;
				CLANG_WARN_STRICT_PROTOTYPES = YES;
				CLANG_WARN_SUSPICIOUS_MOVE = YES;
				CLANG_WARN_UNGUARDED_AVAILABILITY = YES_AGGRESSIVE;
				CLANG_WARN_UNREACHABLE_CODE = YES;
				CLANG_WARN__DUPLICATE_METHOD_MATCH = YES;
				COPY_PHASE_STRIP = NO;
				DEBUG_INFORMATION_FORMAT = dwarf;
				ENABLE_STRICT_OBJC_MSGSEND = YES;
				ENABLE_TESTABILITY = YES;
				GCC_C_LANGUAGE_STANDARD = gnu11;
				GCC_DYNAMIC_NO_PIC = NO;
				GCC_NO_COMMON_BLOCKS = YES;
				GCC_OPTIMIZATION_LEVEL = 0;
				GCC_PREPROCESSOR_DEFINITIONS = (
					"DEBUG=1",
					"$(inherited)",
				);
				GCC_WARN_64_TO_32_BIT_CONVERSION = YES;
				GCC_WARN_ABOUT_RETURN_TYPE = YES_ERROR;
				GCC_WARN_UNDECLARED_SELECTOR = YES;
				GCC_WARN_UNINITIALIZED_AUTOS = YES_AGGRESSIVE;
				GCC_WARN_UNUSED_FUNCTION = YES;
				GCC_WARN_UNUSED_VARIABLE = YES;
				IPHONEOS_DEPLOYMENT_TARGET = 16.2;
				MTL_ENABLE_DEBUG_INFO = INCLUDE_SOURCE;
				MTL_FAST_MATH = YES;
				ONLY_ACTIVE_ARCH = YES;
				SDKROOT = iphoneos;
				SWIFT_ACTIVE_COMPILATION_CONDITIONS = DEBUG;
				SWIFT_OPTIMIZATION_LEVEL = "-Onone";
			};
			name = Debug;
		};
		EDC90D4C295E77D300E2339E /* Release */ = {
			isa = XCBuildConfiguration;
			buildSettings = {
				ALWAYS_SEARCH_USER_PATHS = NO;
				CLANG_ANALYZER_NONNULL = YES;
				CLANG_ANALYZER_NUMBER_OBJECT_CONVERSION = YES_AGGRESSIVE;
				CLANG_CXX_LANGUAGE_STANDARD = "gnu++20";
				CLANG_ENABLE_MODULES = YES;
				CLANG_ENABLE_OBJC_ARC = YES;
				CLANG_ENABLE_OBJC_WEAK = YES;
				CLANG_WARN_BLOCK_CAPTURE_AUTORELEASING = YES;
				CLANG_WARN_BOOL_CONVERSION = YES;
				CLANG_WARN_COMMA = YES;
				CLANG_WARN_CONSTANT_CONVERSION = YES;
				CLANG_WARN_DEPRECATED_OBJC_IMPLEMENTATIONS = YES;
				CLANG_WARN_DIRECT_OBJC_ISA_USAGE = YES_ERROR;
				CLANG_WARN_DOCUMENTATION_COMMENTS = YES;
				CLANG_WARN_EMPTY_BODY = YES;
				CLANG_WARN_ENUM_CONVERSION = YES;
				CLANG_WARN_INFINITE_RECURSION = YES;
				CLANG_WARN_INT_CONVERSION = YES;
				CLANG_WARN_NON_LITERAL_NULL_CONVERSION = YES;
				CLANG_WARN_OBJC_IMPLICIT_RETAIN_SELF = YES;
				CLANG_WARN_OBJC_LITERAL_CONVERSION = YES;
				CLANG_WARN_OBJC_ROOT_CLASS = YES_ERROR;
				CLANG_WARN_QUOTED_INCLUDE_IN_FRAMEWORK_HEADER = YES;
				CLANG_WARN_RANGE_LOOP_ANALYSIS = YES;
				CLANG_WARN_STRICT_PROTOTYPES = YES;
				CLANG_WARN_SUSPICIOUS_MOVE = YES;
				CLANG_WARN_UNGUARDED_AVAILABILITY = YES_AGGRESSIVE;
				CLANG_WARN_UNREACHABLE_CODE = YES;
				CLANG_WARN__DUPLICATE_METHOD_MATCH = YES;
				COPY_PHASE_STRIP = NO;
				DEBUG_INFORMATION_FORMAT = "dwarf-with-dsym";
				ENABLE_NS_ASSERTIONS = NO;
				ENABLE_STRICT_OBJC_MSGSEND = YES;
				GCC_C_LANGUAGE_STANDARD = gnu11;
				GCC_NO_COMMON_BLOCKS = YES;
				GCC_WARN_64_TO_32_BIT_CONVERSION = YES;
				GCC_WARN_ABOUT_RETURN_TYPE = YES_ERROR;
				GCC_WARN_UNDECLARED_SELECTOR = YES;
				GCC_WARN_UNINITIALIZED_AUTOS = YES_AGGRESSIVE;
				GCC_WARN_UNUSED_FUNCTION = YES;
				GCC_WARN_UNUSED_VARIABLE = YES;
				IPHONEOS_DEPLOYMENT_TARGET = 16.2;
				MTL_ENABLE_DEBUG_INFO = NO;
				MTL_FAST_MATH = YES;
				SDKROOT = iphoneos;
				SWIFT_COMPILATION_MODE = wholemodule;
				SWIFT_OPTIMIZATION_LEVEL = "-O";
				VALIDATE_PRODUCT = YES;
			};
			name = Release;
		};
		EDC90D4E295E77D300E2339E /* Debug */ = {
			isa = XCBuildConfiguration;
			buildSettings = {
				ASSETCATALOG_COMPILER_APPICON_NAME = AppIcon;
				"ASSETCATALOG_COMPILER_APPICON_NAME[sdk=iphoneos*]" = AppIcon;
				ASSETCATALOG_COMPILER_GLOBAL_ACCENT_COLOR_NAME = AccentColor;
				ASSETCATALOG_COMPILER_INCLUDE_ALL_APPICON_ASSETS = YES;
				CODE_SIGN_STYLE = Automatic;
				CURRENT_PROJECT_VERSION = 1;
				DEVELOPMENT_ASSET_PATHS = "\"Comic Reader/Preview Content\"";
				DEVELOPMENT_TEAM = Y854J87CU9;
				ENABLE_PREVIEWS = YES;
				GENERATE_INFOPLIST_FILE = YES;
				INFOPLIST_FILE = "Comic-Reader-Info.plist";
				INFOPLIST_KEY_UIApplicationSupportsIndirectInputEvents = YES;
				INFOPLIST_KEY_UILaunchScreen_Generation = YES;
				INFOPLIST_KEY_UISupportedInterfaceOrientations_iPad = "UIInterfaceOrientationPortrait UIInterfaceOrientationPortraitUpsideDown UIInterfaceOrientationLandscapeLeft UIInterfaceOrientationLandscapeRight";
				INFOPLIST_KEY_UISupportedInterfaceOrientations_iPhone = "UIInterfaceOrientationPortrait UIInterfaceOrientationLandscapeLeft UIInterfaceOrientationLandscapeRight";
				LD_RUNPATH_SEARCH_PATHS = (
					"$(inherited)",
					"@executable_path/Frameworks",
				);
				MARKETING_VERSION = 1.0;
				PRODUCT_BUNDLE_IDENTIFIER = "ThistlenThorn.Comic-Reader";
				PRODUCT_NAME = "$(TARGET_NAME)";
				SWIFT_EMIT_LOC_STRINGS = YES;
				SWIFT_VERSION = 5.0;
				TARGETED_DEVICE_FAMILY = "1,2";
			};
			name = Debug;
		};
		EDC90D4F295E77D300E2339E /* Release */ = {
			isa = XCBuildConfiguration;
			buildSettings = {
				ASSETCATALOG_COMPILER_APPICON_NAME = AppIcon;
				ASSETCATALOG_COMPILER_GLOBAL_ACCENT_COLOR_NAME = AccentColor;
				ASSETCATALOG_COMPILER_INCLUDE_ALL_APPICON_ASSETS = YES;
				CODE_SIGN_STYLE = Automatic;
				CURRENT_PROJECT_VERSION = 1;
				DEVELOPMENT_ASSET_PATHS = "\"Comic Reader/Preview Content\"";
				DEVELOPMENT_TEAM = Y854J87CU9;
				ENABLE_PREVIEWS = YES;
				GENERATE_INFOPLIST_FILE = YES;
				INFOPLIST_FILE = "Comic-Reader-Info.plist";
				INFOPLIST_KEY_UIApplicationSupportsIndirectInputEvents = YES;
				INFOPLIST_KEY_UILaunchScreen_Generation = YES;
				INFOPLIST_KEY_UISupportedInterfaceOrientations_iPad = "UIInterfaceOrientationPortrait UIInterfaceOrientationPortraitUpsideDown UIInterfaceOrientationLandscapeLeft UIInterfaceOrientationLandscapeRight";
				INFOPLIST_KEY_UISupportedInterfaceOrientations_iPhone = "UIInterfaceOrientationPortrait UIInterfaceOrientationLandscapeLeft UIInterfaceOrientationLandscapeRight";
				LD_RUNPATH_SEARCH_PATHS = (
					"$(inherited)",
					"@executable_path/Frameworks",
				);
				MARKETING_VERSION = 1.0;
				PRODUCT_BUNDLE_IDENTIFIER = "ThistlenThorn.Comic-Reader";
				PRODUCT_NAME = "$(TARGET_NAME)";
				SWIFT_EMIT_LOC_STRINGS = YES;
				SWIFT_VERSION = 5.0;
				TARGETED_DEVICE_FAMILY = "1,2";
			};
			name = Release;
		};
/* End XCBuildConfiguration section */

/* Begin XCConfigurationList section */
		EDC90D3A295E77D000E2339E /* Build configuration list for PBXProject "Comic Reader" */ = {
			isa = XCConfigurationList;
			buildConfigurations = (
				EDC90D4B295E77D300E2339E /* Debug */,
				EDC90D4C295E77D300E2339E /* Release */,
			);
			defaultConfigurationIsVisible = 0;
			defaultConfigurationName = Release;
		};
		EDC90D4D295E77D300E2339E /* Build configuration list for PBXNativeTarget "Comic Reader" */ = {
			isa = XCConfigurationList;
			buildConfigurations = (
				EDC90D4E295E77D300E2339E /* Debug */,
				EDC90D4F295E77D300E2339E /* Release */,
			);
			defaultConfigurationIsVisible = 0;
			defaultConfigurationName = Release;
		};
/* End XCConfigurationList section */
	};
	rootObject = EDC90D37295E77D000E2339E /* Project object */;
}
